
Microsoft Visual Studio Solution File, Format Version 12.00
# Visual Studio 15
VisualStudioVersion = 15.0.26730.16
MinimumVisualStudioVersion = 10.0.40219.1
Project("{FAE04EC0-301F-11D3-BF4B-00C04F79EFBC}") = "EC3-1.DiazUriasJorgeDavid", "EC3-1.DiazUriasJorgeDavid\EC3-1.DiazUriasJorgeDavid.csproj", "{8761E6A7-6460-4962-8045-02DE7EDF800E}"
EndProject
Global
	GlobalSection(SolutionConfigurationPlatforms) = preSolution
		Debug|Any CPU = Debug|Any CPU
		Release|Any CPU = Release|Any CPU
	EndGlobalSection
	GlobalSection(ProjectConfigurationPlatforms) = postSolution
		{8761E6A7-6460-4962-8045-02DE7EDF800E}.Debug|Any CPU.ActiveCfg = Debug|Any CPU
		{8761E6A7-6460-4962-8045-02DE7EDF800E}.Debug|Any CPU.Build.0 = Debug|Any CPU
		{8761E6A7-6460-4962-8045-02DE7EDF800E}.Release|Any CPU.ActiveCfg = Release|Any CPU
		{8761E6A7-6460-4962-8045-02DE7EDF800E}.Release|Any CPU.Build.0 = Release|Any CPU
	EndGlobalSection
	GlobalSection(SolutionProperties) = preSolution
		HideSolutionNode = FALSE
	EndGlobalSection
	GlobalSection(ExtensibilityGlobals) = postSolution
		SolutionGuid = {36D6171A-7251-4381-9C48-006A22082544}
	EndGlobalSection
EndGlobal
