
Microsoft Visual Studio Solution File, Format Version 12.00
# Visual Studio 15
VisualStudioVersion = 15.0.26730.16
MinimumVisualStudioVersion = 10.0.40219.1
Project("{FAE04EC0-301F-11D3-BF4B-00C04F79EFBC}") = "HanoiTower", "HanoiTower\HanoiTower.csproj", "{2084FE82-D14E-4190-9208-C93BF967E57C}"
EndProject
Global
	GlobalSection(SolutionConfigurationPlatforms) = preSolution
		Debug|Any CPU = Debug|Any CPU
		Release|Any CPU = Release|Any CPU
	EndGlobalSection
	GlobalSection(ProjectConfigurationPlatforms) = postSolution
		{2084FE82-D14E-4190-9208-C93BF967E57C}.Debug|Any CPU.ActiveCfg = Debug|Any CPU
		{2084FE82-D14E-4190-9208-C93BF967E57C}.Debug|Any CPU.Build.0 = Debug|Any CPU
		{2084FE82-D14E-4190-9208-C93BF967E57C}.Release|Any CPU.ActiveCfg = Release|Any CPU
		{2084FE82-D14E-4190-9208-C93BF967E57C}.Release|Any CPU.Build.0 = Release|Any CPU
	EndGlobalSection
	GlobalSection(SolutionProperties) = preSolution
		HideSolutionNode = FALSE
	EndGlobalSection
	GlobalSection(ExtensibilityGlobals) = postSolution
		SolutionGuid = {1A63636C-5245-4676-A282-1E5EAAFB6D86}
	EndGlobalSection
EndGlobal
