
Microsoft Visual Studio Solution File, Format Version 12.00
# Visual Studio 15
VisualStudioVersion = 15.0.26730.16
MinimumVisualStudioVersion = 10.0.40219.1
Project("{FAE04EC0-301F-11D3-BF4B-00C04F79EFBC}") = "ToDoList", "ToDoList\ToDoList.csproj", "{8891B39E-F2BD-41F9-A216-2582C62C7425}"
EndProject
Global
	GlobalSection(SolutionConfigurationPlatforms) = preSolution
		Debug|Any CPU = Debug|Any CPU
		Release|Any CPU = Release|Any CPU
	EndGlobalSection
	GlobalSection(ProjectConfigurationPlatforms) = postSolution
		{8891B39E-F2BD-41F9-A216-2582C62C7425}.Debug|Any CPU.ActiveCfg = Debug|Any CPU
		{8891B39E-F2BD-41F9-A216-2582C62C7425}.Debug|Any CPU.Build.0 = Debug|Any CPU
		{8891B39E-F2BD-41F9-A216-2582C62C7425}.Release|Any CPU.ActiveCfg = Release|Any CPU
		{8891B39E-F2BD-41F9-A216-2582C62C7425}.Release|Any CPU.Build.0 = Release|Any CPU
	EndGlobalSection
	GlobalSection(SolutionProperties) = preSolution
		HideSolutionNode = FALSE
	EndGlobalSection
	GlobalSection(ExtensibilityGlobals) = postSolution
		SolutionGuid = {4C353365-BA7F-41F3-A96C-34BF50C41CA5}
	EndGlobalSection
EndGlobal
